
Microsoft Visual Studio Solution File, Format Version 12.00
# Visual Studio 15
VisualStudioVersion = 15.0.28307.572
MinimumVisualStudioVersion = 10.0.40219.1
Project("{FAE04EC0-301F-11D3-BF4B-00C04F79EFBC}") = "AspCoreApp", "AspCoreApp\AspCoreApp.csproj", "{8BC57E0B-0C05-443F-A196-9CCEA27AB4BE}"
EndProject
Global
	GlobalSection(SolutionConfigurationPlatforms) = preSolution
		Debug|Any CPU = Debug|Any CPU
		Release|Any CPU = Release|Any CPU
	EndGlobalSection
	GlobalSection(ProjectConfigurationPlatforms) = postSolution
		{8BC57E0B-0C05-443F-A196-9CCEA27AB4BE}.Debug|Any CPU.ActiveCfg = Debug|Any CPU
		{8BC57E0B-0C05-443F-A196-9CCEA27AB4BE}.Debug|Any CPU.Build.0 = Debug|Any CPU
		{8BC57E0B-0C05-443F-A196-9CCEA27AB4BE}.Release|Any CPU.ActiveCfg = Release|Any CPU
		{8BC57E0B-0C05-443F-A196-9CCEA27AB4BE}.Release|Any CPU.Build.0 = Release|Any CPU
	EndGlobalSection
	GlobalSection(SolutionProperties) = preSolution
		HideSolutionNode = FALSE
	EndGlobalSection
	GlobalSection(ExtensibilityGlobals) = postSolution
		SolutionGuid = {B0AA0D33-1ABD-4C0E-9F22-88C92F3F4ED7}
	EndGlobalSection
EndGlobal